// !$*UTF8*$!
{
	archiveVersion = 1;
	classes = {
	};
	objectVersion = 46;
	objects = {

/* Begin PBXBuildFile section */
		8F9F600A1BFF283900AF04DA /* AppDelegate.swift in Sources */ = {isa = PBXBuildFile; fileRef = 8F9F60091BFF283900AF04DA /* AppDelegate.swift */; };
		8F9F600C1BFF283900AF04DA /* ViewController.swift in Sources */ = {isa = PBXBuildFile; fileRef = 8F9F600B1BFF283900AF04DA /* ViewController.swift */; };
		8F9F600F1BFF283900AF04DA /* Main.storyboard in Resources */ = {isa = PBXBuildFile; fileRef = 8F9F600D1BFF283900AF04DA /* Main.storyboard */; };
		8F9F60111BFF283900AF04DA /* Assets.xcassets in Resources */ = {isa = PBXBuildFile; fileRef = 8F9F60101BFF283900AF04DA /* Assets.xcassets */; };
		8F9F60141BFF283900AF04DA /* LaunchScreen.storyboard in Resources */ = {isa = PBXBuildFile; fileRef = 8F9F60121BFF283900AF04DA /* LaunchScreen.storyboard */; };
/* End PBXBuildFile section */

/* Begin PBXFileReference section */
		8F9F60061BFF283900AF04DA /* CountryContinent.app */ = {isa = PBXFileReference; explicitFileType = wrapper.application; includeInIndex = 0; path = CountryContinent.app; sourceTree = BUILT_PRODUCTS_DIR; };
		8F9F60091BFF283900AF04DA /* AppDelegate.swift */ = {isa = PBXFileReference; lastKnownFileType = sourcecode.swift; path = AppDelegate.swift; sourceTree = "<group>"; };
		8F9F600B1BFF283900AF04DA /* ViewController.swift */ = {isa = PBXFileReference; lastKnownFileType = sourcecode.swift; path = ViewController.swift; sourceTree = "<group>"; };
		8F9F600E1BFF283900AF04DA /* Base */ = {isa = PBXFileReference; lastKnownFileType = file.storyboard; name = Base; path = Base.lproj/Main.storyboard; sourceTree = "<group>"; };
		8F9F60101BFF283900AF04DA /* Assets.xcassets */ = {isa = PBXFileReference; lastKnownFileType = folder.assetcatalog; path = Assets.xcassets; sourceTree = "<group>"; };
		8F9F60131BFF283900AF04DA /* Base */ = {isa = PBXFileReference; lastKnownFileType = file.storyboard; name = Base; path = Base.lproj/LaunchScreen.storyboard; sourceTree = "<group>"; };
		8F9F60151BFF283900AF04DA /* Info.plist */ = {isa = PBXFileReference; lastKnownFileType = text.plist.xml; path = Info.plist; sourceTree = "<group>"; };
/* End PBXFileReference section */

/* Begin PBXFrameworksBuildPhase section */
		8F9F60031BFF283900AF04DA /* Frameworks */ = {
			isa = PBXFrameworksBuildPhase;
			buildActionMask = 2147483647;
			files = (
			);
			runOnlyForDeploymentPostprocessing = 0;
		};
/* End PBXFrameworksBuildPhase section */

/* Begin PBXGroup section */
		8F9F5FFD1BFF283900AF04DA = {
			isa = PBXGroup;
			children = (
				8F9F60081BFF283900AF04DA /* CountryContinent */,
				8F9F60071BFF283900AF04DA /* Products */,
			);
			sourceTree = "<group>";
		};
		8F9F60071BFF283900AF04DA /* Products */ = {
			isa = PBXGroup;
			children = (
				8F9F60061BFF283900AF04DA /* CountryContinent.app */,
			);
			name = Products;
			sourceTree = "<group>";
		};
		8F9F60081BFF283900AF04DA /* CountryContinent */ = {
			isa = PBXGroup;
			children = (
				8F9F60091BFF283900AF04DA /* AppDelegate.swift */,
				8F9F600B1BFF283900AF04DA /* ViewController.swift */,
				8F9F600D1BFF283900AF04DA /* Main.storyboard */,
				8F9F60101BFF283900AF04DA /* Assets.xcassets */,
				8F9F60121BFF283900AF04DA /* LaunchScreen.storyboard */,
				8F9F60151BFF283900AF04DA /* Info.plist */,
			);
			path = CountryContinent;
			sourceTree = "<group>";
		};
/* End PBXGroup section */

/* Begin PBXNativeTarget section */
		8F9F60051BFF283900AF04DA /* CountryContinent */ = {
			isa = PBXNativeTarget;
			buildConfigurationList = 8F9F60181BFF283900AF04DA /* Build configuration list for PBXNativeTarget "CountryContinent" */;
			buildPhases = (
				8F9F60021BFF283900AF04DA /* Sources */,
				8F9F60031BFF283900AF04DA /* Frameworks */,
				8F9F60041BFF283900AF04DA /* Resources */,
			);
			buildRules = (
			);
			dependencies = (
			);
			name = CountryContinent;
			productName = CountryContinent;
			productReference = 8F9F60061BFF283900AF04DA /* CountryContinent.app */;
			productType = "com.apple.product-type.application";
		};
/* End PBXNativeTarget section */

/* Begin PBXProject section */
		8F9F5FFE1BFF283900AF04DA /* Project object */ = {
			isa = PBXProject;
			attributes = {
				LastSwiftUpdateCheck = 0710;
				LastUpgradeCheck = 0710;
				ORGANIZATIONNAME = "En Appstudio";
				TargetAttributes = {
					8F9F60051BFF283900AF04DA = {
						CreatedOnToolsVersion = 7.1.1;
						DevelopmentTeam = W3GXU94235;
					};
				};
			};
			buildConfigurationList = 8F9F60011BFF283900AF04DA /* Build configuration list for PBXProject "CountryContinent" */;
			compatibilityVersion = "Xcode 3.2";
			developmentRegion = English;
			hasScannedForEncodings = 0;
			knownRegions = (
				en,
				Base,
			);
			mainGroup = 8F9F5FFD1BFF283900AF04DA;
			productRefGroup = 8F9F60071BFF283900AF04DA /* Products */;
			projectDirPath = "";
			projectRoot = "";
			targets = (
				8F9F60051BFF283900AF04DA /* CountryContinent */,
			);
		};
/* End PBXProject section */

/* Begin PBXResourcesBuildPhase section */
		8F9F60041BFF283900AF04DA /* Resources */ = {
			isa = PBXResourcesBuildPhase;
			buildActionMask = 2147483647;
			files = (
				8F9F60141BFF283900AF04DA /* LaunchScreen.storyboard in Resources */,
				8F9F60111BFF283900AF04DA /* Assets.xcassets in Resources */,
				8F9F600F1BFF283900AF04DA /* Main.storyboard in Resources */,
			);
			runOnlyForDeploymentPostprocessing = 0;
		};
/* End PBXResourcesBuildPhase section */

/* Begin PBXSourcesBuildPhase section */
		8F9F60021BFF283900AF04DA /* Sources */ = {
			isa = PBXSourcesBuildPhase;
			buildActionMask = 2147483647;
			files = (
				8F9F600C1BFF283900AF04DA /* ViewController.swift in Sources */,
				8F9F600A1BFF283900AF04DA /* AppDelegate.swift in Sources */,
			);
			runOnlyForDeploymentPostprocessing = 0;
		};
/* End PBXSourcesBuildPhase section */

/* Begin PBXVariantGroup section */
		8F9F600D1BFF283900AF04DA /* Main.storyboard */ = {
			isa = PBXVariantGroup;
			children = (
				8F9F600E1BFF283900AF04DA /* Base */,
			);
			name = Main.storyboard;
			sourceTree = "<group>";
		};
		8F9F60121BFF283900AF04DA /* LaunchScreen.storyboard */ = {
			isa = PBXVariantGroup;
			children = (
				8F9F60131BFF283900AF04DA /* Base */,
			);
			name = LaunchScreen.storyboard;
			sourceTree = "<group>";
		};
/* End PBXVariantGroup section */

/* Begin XCBuildConfiguration section */
		8F9F60161BFF283900AF04DA /* Debug */ = {
			isa = XCBuildConfiguration;
			buildSettings = {
				ALWAYS_SEARCH_USER_PATHS = NO;
				CLANG_CXX_LANGUAGE_STANDARD = "gnu++0x";
				CLANG_CXX_LIBRARY = "libc++";
				CLANG_ENABLE_MODULES = YES;
				CLANG_ENABLE_OBJC_ARC = YES;
				CLANG_WARN_BOOL_CONVERSION = YES;
				CLANG_WARN_CONSTANT_CONVERSION = YES;
				CLANG_WARN_DIRECT_OBJC_ISA_USAGE = YES_ERROR;
				CLANG_WARN_EMPTY_BODY = YES;
				CLANG_WARN_ENUM_CONVERSION = YES;
				CLANG_WARN_INT_CONVERSION = YES;
				CLANG_WARN_OBJC_ROOT_CLASS = YES_ERROR;
				CLANG_WARN_UNREACHABLE_CODE = YES;
				CLANG_WARN__DUPLICATE_METHOD_MATCH = YES;
				"CODE_SIGN_IDENTITY[sdk=iphoneos*]" = "iPhone Developer";
				COPY_PHASE_STRIP = NO;
				DEBUG_INFORMATION_FORMAT = dwarf;
				ENABLE_STRICT_OBJC_MSGSEND = YES;
				ENABLE_TESTABILITY = YES;
				GCC_C_LANGUAGE_STANDARD = gnu99;
				GCC_DYNAMIC_NO_PIC = NO;
				GCC_NO_COMMON_BLOCKS = YES;
				GCC_OPTIMIZATION_LEVEL = 0;
				GCC_PREPROCESSOR_DEFINITIONS = (
					"DEBUG=1",
					"$(inherited)",
				);
				GCC_WARN_64_TO_32_BIT_CONVERSION = YES;
				GCC_WARN_ABOUT_RETURN_TYPE = YES_ERROR;
				GCC_WARN_UNDECLARED_SELECTOR = YES;
				GCC_WARN_UNINITIALIZED_AUTOS = YES_AGGRESSIVE;
				GCC_WARN_UNUSED_FUNCTION = YES;
				GCC_WARN_UNUSED_VARIABLE = YES;
				IPHONEOS_DEPLOYMENT_TARGET = 9.1;
				MTL_ENABLE_DEBUG_INFO = YES;
				ONLY_ACTIVE_ARCH = YES;
				SDKROOT = iphoneos;
				SWIFT_OPTIMIZATION_LEVEL = "-Onone";
			};
			name = Debug;
		};
		8F9F60171BFF283900AF04DA /* Release */ = {
			isa = XCBuildConfiguration;
			buildSettings = {
				ALWAYS_SEARCH_USER_PATHS = NO;
				CLANG_CXX_LANGUAGE_STANDARD = "gnu++0x";
				CLANG_CXX_LIBRARY = "libc++";
				CLANG_ENABLE_MODULES = YES;
				CLANG_ENABLE_OBJC_ARC = YES;
				CLANG_WARN_BOOL_CONVERSION = YES;
				CLANG_WARN_CONSTANT_CONVERSION = YES;
				CLANG_WARN_DIRECT_OBJC_ISA_USAGE = YES_ERROR;
				CLANG_WARN_EMPTY_BODY = YES;
				CLANG_WARN_ENUM_CONVERSION = YES;
				CLANG_WARN_INT_CONVERSION = YES;
				CLANG_WARN_OBJC_ROOT_CLASS = YES_ERROR;
				CLANG_WARN_UNREACHABLE_CODE = YES;
				CLANG_WARN__DUPLICATE_METHOD_MATCH = YES;
				"CODE_SIGN_IDENTITY[sdk=iphoneos*]" = "iPhone Developer";
				COPY_PHASE_STRIP = NO;
				DEBUG_INFORMATION_FORMAT = "dwarf-with-dsym";
				ENABLE_NS_ASSERTIONS = NO;
				ENABLE_STRICT_OBJC_MSGSEND = YES;
				GCC_C_LANGUAGE_STANDARD = gnu99;
				GCC_NO_COMMON_BLOCKS = YES;
				GCC_WARN_64_TO_32_BIT_CONVERSION = YES;
				GCC_WARN_ABOUT_RETURN_TYPE = YES_ERROR;
				GCC_WARN_UNDECLARED_SELECTOR = YES;
				GCC_WARN_UNINITIALIZED_AUTOS = YES_AGGRESSIVE;
				GCC_WARN_UNUSED_FUNCTION = YES;
				GCC_WARN_UNUSED_VARIABLE = YES;
				IPHONEOS_DEPLOYMENT_TARGET = 9.1;
				MTL_ENABLE_DEBUG_INFO = NO;
				SDKROOT = iphoneos;
				VALIDATE_PRODUCT = YES;
			};
			name = Release;
		};
		8F9F60191BFF283900AF04DA /* Debug */ = {
			isa = XCBuildConfiguration;
			buildSettings = {
				ASSETCATALOG_COMPILER_APPICON_NAME = AppIcon;
				INFOPLIST_FILE = CountryContinent/Info.plist;
				LD_RUNPATH_SEARCH_PATHS = "$(inherited) @executable_path/Frameworks";
				PRODUCT_BUNDLE_IDENTIFIER = com.enappstudio.CountryContinent;
				PRODUCT_NAME = "$(TARGET_NAME)";
			};
			name = Debug;
		};
		8F9F601A1BFF283900AF04DA /* Release */ = {
			isa = XCBuildConfiguration;
			buildSettings = {
				ASSETCATALOG_COMPILER_APPICON_NAME = AppIcon;
				INFOPLIST_FILE = CountryContinent/Info.plist;
				LD_RUNPATH_SEARCH_PATHS = "$(inherited) @executable_path/Frameworks";
				PRODUCT_BUNDLE_IDENTIFIER = com.enappstudio.CountryContinent;
				PRODUCT_NAME = "$(TARGET_NAME)";
			};
			name = Release;
		};
/* End XCBuildConfiguration section */

/* Begin XCConfigurationList section */
		8F9F60011BFF283900AF04DA /* Build configuration list for PBXProject "CountryContinent" */ = {
			isa = XCConfigurationList;
			buildConfigurations = (
				8F9F60161BFF283900AF04DA /* Debug */,
				8F9F60171BFF283900AF04DA /* Release */,
			);
			defaultConfigurationIsVisible = 0;
			defaultConfigurationName = Release;
		};
		8F9F60181BFF283900AF04DA /* Build configuration list for PBXNativeTarget "CountryContinent" */ = {
			isa = XCConfigurationList;
			buildConfigurations = (
				8F9F60191BFF283900AF04DA /* Debug */,
				8F9F601A1BFF283900AF04DA /* Release */,
			);
			defaultConfigurationIsVisible = 0;
		};
/* End XCConfigurationList section */
	};
	rootObject = 8F9F5FFE1BFF283900AF04DA /* Project object */;
}
